
Microsoft Visual Studio Solution File, Format Version 11.00
# Visual Studio 2010
# SharpDevelop 5.1
Project("{FAE04EC0-301F-11D3-BF4B-00C04F79EFBC}") = "punto1", "punto1\punto1.csproj", "{E4B69C55-730A-4B54-BBFD-723D469EABF9}"
EndProject
Project("{FAE04EC0-301F-11D3-BF4B-00C04F79EFBC}") = "punto2", "punto2\punto2.csproj", "{3BFA626B-50C9-4697-B3FB-C62DC1E6A118}"
EndProject
Project("{FAE04EC0-301F-11D3-BF4B-00C04F79EFBC}") = "punto3", "punto3\punto3.csproj", "{0A17669D-6E61-4B1B-9C37-2915575CC6B5}"
EndProject
Project("{FAE04EC0-301F-11D3-BF4B-00C04F79EFBC}") = "punto4", "punto4\punto4.csproj", "{3F12EC4D-BA2B-4240-8AAF-D71F53594E2E}"
EndProject
Project("{FAE04EC0-301F-11D3-BF4B-00C04F79EFBC}") = "punto5", "punto5\punto5.csproj", "{1B92FFA7-5FBD-40E7-96BC-240FFB0A97A4}"
EndProject
Project("{FAE04EC0-301F-11D3-BF4B-00C04F79EFBC}") = "punto6", "punto6\punto6.csproj", "{DCD46F7A-3740-44B7-B67C-3C5018890F39}"
EndProject
Project("{FAE04EC0-301F-11D3-BF4B-00C04F79EFBC}") = "punto7", "punto7\punto7.csproj", "{660AE2DD-3749-44CF-8962-93372563414B}"
EndProject
Project("{FAE04EC0-301F-11D3-BF4B-00C04F79EFBC}") = "punto8", "punto8\punto8.csproj", "{3D52245F-CA75-4DD1-A7BB-3E1EA333D85B}"
EndProject
Project("{FAE04EC0-301F-11D3-BF4B-00C04F79EFBC}") = "punto9", "punto9\punto9.csproj", "{648296F7-A0A9-42F3-84BD-6368DB1D12D3}"
EndProject
Project("{FAE04EC0-301F-11D3-BF4B-00C04F79EFBC}") = "punto10", "punto10\punto10.csproj", "{691CE437-320A-41DB-9A00-C5DFFFE14A67}"
EndProject
Project("{FAE04EC0-301F-11D3-BF4B-00C04F79EFBC}") = "punto11", "punto11\punto11.csproj", "{C131AF76-7724-4699-B4BD-733ED57A54DF}"
EndProject
Project("{FAE04EC0-301F-11D3-BF4B-00C04F79EFBC}") = "punto12", "punto12\punto12.csproj", "{39DB17A3-4430-4112-BBFA-CDC34D3B8E43}"
EndProject
Project("{FAE04EC0-301F-11D3-BF4B-00C04F79EFBC}") = "punto13", "punto13\punto13.csproj", "{15963BC1-4EAF-4629-89A1-F31E07CFC6DD}"
EndProject
Project("{FAE04EC0-301F-11D3-BF4B-00C04F79EFBC}") = "punto14", "punto14\punto14.csproj", "{61FD761A-518C-4348-AD9E-FF59AA5348A1}"
EndProject
Project("{FAE04EC0-301F-11D3-BF4B-00C04F79EFBC}") = "punto15", "punto15\punto15.csproj", "{1C71595D-989C-4BD6-9CFA-60624C721F21}"
EndProject
Project("{FAE04EC0-301F-11D3-BF4B-00C04F79EFBC}") = "punto16", "punto16\punto16.csproj", "{6FE24B84-9AFF-41CF-96FE-9D6853876DD7}"
EndProject
Project("{FAE04EC0-301F-11D3-BF4B-00C04F79EFBC}") = "punto17", "punto17\punto17.csproj", "{BB787047-D356-44F1-BF18-704E9D17A428}"
EndProject
Global
	GlobalSection(SolutionConfigurationPlatforms) = preSolution
		Debug|Any CPU = Debug|Any CPU
		Release|Any CPU = Release|Any CPU
	EndGlobalSection
	GlobalSection(ProjectConfigurationPlatforms) = postSolution
		{E4B69C55-730A-4B54-BBFD-723D469EABF9}.Debug|Any CPU.ActiveCfg = Debug|Any CPU
		{E4B69C55-730A-4B54-BBFD-723D469EABF9}.Debug|Any CPU.Build.0 = Debug|Any CPU
		{E4B69C55-730A-4B54-BBFD-723D469EABF9}.Release|Any CPU.ActiveCfg = Release|Any CPU
		{E4B69C55-730A-4B54-BBFD-723D469EABF9}.Release|Any CPU.Build.0 = Release|Any CPU
		{3BFA626B-50C9-4697-B3FB-C62DC1E6A118}.Debug|Any CPU.ActiveCfg = Debug|Any CPU
		{3BFA626B-50C9-4697-B3FB-C62DC1E6A118}.Debug|Any CPU.Build.0 = Debug|Any CPU
		{3BFA626B-50C9-4697-B3FB-C62DC1E6A118}.Release|Any CPU.ActiveCfg = Release|Any CPU
		{3BFA626B-50C9-4697-B3FB-C62DC1E6A118}.Release|Any CPU.Build.0 = Release|Any CPU
		{0A17669D-6E61-4B1B-9C37-2915575CC6B5}.Debug|Any CPU.ActiveCfg = Debug|Any CPU
		{0A17669D-6E61-4B1B-9C37-2915575CC6B5}.Debug|Any CPU.Build.0 = Debug|Any CPU
		{0A17669D-6E61-4B1B-9C37-2915575CC6B5}.Release|Any CPU.ActiveCfg = Release|Any CPU
		{0A17669D-6E61-4B1B-9C37-2915575CC6B5}.Release|Any CPU.Build.0 = Release|Any CPU
		{3F12EC4D-BA2B-4240-8AAF-D71F53594E2E}.Debug|Any CPU.ActiveCfg = Debug|Any CPU
		{3F12EC4D-BA2B-4240-8AAF-D71F53594E2E}.Debug|Any CPU.Build.0 = Debug|Any CPU
		{3F12EC4D-BA2B-4240-8AAF-D71F53594E2E}.Release|Any CPU.ActiveCfg = Release|Any CPU
		{3F12EC4D-BA2B-4240-8AAF-D71F53594E2E}.Release|Any CPU.Build.0 = Release|Any CPU
		{1B92FFA7-5FBD-40E7-96BC-240FFB0A97A4}.Debug|Any CPU.ActiveCfg = Debug|Any CPU
		{1B92FFA7-5FBD-40E7-96BC-240FFB0A97A4}.Debug|Any CPU.Build.0 = Debug|Any CPU
		{1B92FFA7-5FBD-40E7-96BC-240FFB0A97A4}.Release|Any CPU.ActiveCfg = Release|Any CPU
		{1B92FFA7-5FBD-40E7-96BC-240FFB0A97A4}.Release|Any CPU.Build.0 = Release|Any CPU
		{DCD46F7A-3740-44B7-B67C-3C5018890F39}.Debug|Any CPU.ActiveCfg = Debug|Any CPU
		{DCD46F7A-3740-44B7-B67C-3C5018890F39}.Debug|Any CPU.Build.0 = Debug|Any CPU
		{DCD46F7A-3740-44B7-B67C-3C5018890F39}.Release|Any CPU.ActiveCfg = Release|Any CPU
		{DCD46F7A-3740-44B7-B67C-3C5018890F39}.Release|Any CPU.Build.0 = Release|Any CPU
		{660AE2DD-3749-44CF-8962-93372563414B}.Debug|Any CPU.ActiveCfg = Debug|Any CPU
		{660AE2DD-3749-44CF-8962-93372563414B}.Debug|Any CPU.Build.0 = Debug|Any CPU
		{660AE2DD-3749-44CF-8962-93372563414B}.Release|Any CPU.ActiveCfg = Release|Any CPU
		{660AE2DD-3749-44CF-8962-93372563414B}.Release|Any CPU.Build.0 = Release|Any CPU
		{3D52245F-CA75-4DD1-A7BB-3E1EA333D85B}.Debug|Any CPU.ActiveCfg = Debug|Any CPU
		{3D52245F-CA75-4DD1-A7BB-3E1EA333D85B}.Debug|Any CPU.Build.0 = Debug|Any CPU
		{3D52245F-CA75-4DD1-A7BB-3E1EA333D85B}.Release|Any CPU.ActiveCfg = Release|Any CPU
		{3D52245F-CA75-4DD1-A7BB-3E1EA333D85B}.Release|Any CPU.Build.0 = Release|Any CPU
		{648296F7-A0A9-42F3-84BD-6368DB1D12D3}.Debug|Any CPU.ActiveCfg = Debug|Any CPU
		{648296F7-A0A9-42F3-84BD-6368DB1D12D3}.Debug|Any CPU.Build.0 = Debug|Any CPU
		{648296F7-A0A9-42F3-84BD-6368DB1D12D3}.Release|Any CPU.ActiveCfg = Release|Any CPU
		{648296F7-A0A9-42F3-84BD-6368DB1D12D3}.Release|Any CPU.Build.0 = Release|Any CPU
		{691CE437-320A-41DB-9A00-C5DFFFE14A67}.Debug|Any CPU.ActiveCfg = Debug|Any CPU
		{691CE437-320A-41DB-9A00-C5DFFFE14A67}.Debug|Any CPU.Build.0 = Debug|Any CPU
		{691CE437-320A-41DB-9A00-C5DFFFE14A67}.Release|Any CPU.ActiveCfg = Release|Any CPU
		{691CE437-320A-41DB-9A00-C5DFFFE14A67}.Release|Any CPU.Build.0 = Release|Any CPU
		{C131AF76-7724-4699-B4BD-733ED57A54DF}.Debug|Any CPU.ActiveCfg = Debug|Any CPU
		{C131AF76-7724-4699-B4BD-733ED57A54DF}.Debug|Any CPU.Build.0 = Debug|Any CPU
		{C131AF76-7724-4699-B4BD-733ED57A54DF}.Release|Any CPU.ActiveCfg = Release|Any CPU
		{C131AF76-7724-4699-B4BD-733ED57A54DF}.Release|Any CPU.Build.0 = Release|Any CPU
		{39DB17A3-4430-4112-BBFA-CDC34D3B8E43}.Debug|Any CPU.ActiveCfg = Debug|Any CPU
		{39DB17A3-4430-4112-BBFA-CDC34D3B8E43}.Debug|Any CPU.Build.0 = Debug|Any CPU
		{39DB17A3-4430-4112-BBFA-CDC34D3B8E43}.Release|Any CPU.ActiveCfg = Release|Any CPU
		{39DB17A3-4430-4112-BBFA-CDC34D3B8E43}.Release|Any CPU.Build.0 = Release|Any CPU
		{15963BC1-4EAF-4629-89A1-F31E07CFC6DD}.Debug|Any CPU.ActiveCfg = Debug|Any CPU
		{15963BC1-4EAF-4629-89A1-F31E07CFC6DD}.Debug|Any CPU.Build.0 = Debug|Any CPU
		{15963BC1-4EAF-4629-89A1-F31E07CFC6DD}.Release|Any CPU.ActiveCfg = Release|Any CPU
		{15963BC1-4EAF-4629-89A1-F31E07CFC6DD}.Release|Any CPU.Build.0 = Release|Any CPU
		{61FD761A-518C-4348-AD9E-FF59AA5348A1}.Debug|Any CPU.ActiveCfg = Debug|Any CPU
		{61FD761A-518C-4348-AD9E-FF59AA5348A1}.Debug|Any CPU.Build.0 = Debug|Any CPU
		{61FD761A-518C-4348-AD9E-FF59AA5348A1}.Release|Any CPU.ActiveCfg = Release|Any CPU
		{61FD761A-518C-4348-AD9E-FF59AA5348A1}.Release|Any CPU.Build.0 = Release|Any CPU
		{1C71595D-989C-4BD6-9CFA-60624C721F21}.Debug|Any CPU.ActiveCfg = Debug|Any CPU
		{1C71595D-989C-4BD6-9CFA-60624C721F21}.Debug|Any CPU.Build.0 = Debug|Any CPU
		{1C71595D-989C-4BD6-9CFA-60624C721F21}.Release|Any CPU.ActiveCfg = Release|Any CPU
		{1C71595D-989C-4BD6-9CFA-60624C721F21}.Release|Any CPU.Build.0 = Release|Any CPU
		{6FE24B84-9AFF-41CF-96FE-9D6853876DD7}.Debug|Any CPU.ActiveCfg = Debug|Any CPU
		{6FE24B84-9AFF-41CF-96FE-9D6853876DD7}.Debug|Any CPU.Build.0 = Debug|Any CPU
		{6FE24B84-9AFF-41CF-96FE-9D6853876DD7}.Release|Any CPU.ActiveCfg = Release|Any CPU
		{6FE24B84-9AFF-41CF-96FE-9D6853876DD7}.Release|Any CPU.Build.0 = Release|Any CPU
		{BB787047-D356-44F1-BF18-704E9D17A428}.Debug|Any CPU.ActiveCfg = Debug|Any CPU
		{BB787047-D356-44F1-BF18-704E9D17A428}.Debug|Any CPU.Build.0 = Debug|Any CPU
		{BB787047-D356-44F1-BF18-704E9D17A428}.Release|Any CPU.ActiveCfg = Release|Any CPU
		{BB787047-D356-44F1-BF18-704E9D17A428}.Release|Any CPU.Build.0 = Release|Any CPU
	EndGlobalSection
EndGlobal
